
Microsoft Visual Studio Solution File, Format Version 12.00
# Visual Studio Version 17
VisualStudioVersion = 17.13.35931.197
MinimumVisualStudioVersion = 10.0.40219.1
Project("{FAE04EC0-301F-11D3-BF4B-00C04F79EFBC}") = "SmartLeave.API", "SmartLeave.API\SmartLeave.API.csproj", "{141394E5-5E2E-4E3A-A69C-199EFD645C83}"
EndProject
Project("{FAE04EC0-301F-11D3-BF4B-00C04F79EFBC}") = "SmartLeave.BLL", "SmartLeave.BLL\SmartLeave.BLL.csproj", "{54EE0559-CD0B-4999-85E7-0A984E0ADBCE}"
EndProject
Project("{FAE04EC0-301F-11D3-BF4B-00C04F79EFBC}") = "SmartLeave.Common", "SmartLeave.Common\SmartLeave.Common.csproj", "{A6DB64EE-36EC-4A90-943E-675C743B53EB}"
EndProject
Project("{FAE04EC0-301F-11D3-BF4B-00C04F79EFBC}") = "SmartLeave.DAL", "SmartLeave.DAL\SmartLeave.DAL.csproj", "{A55389C5-12CB-4E2C-B7AA-2BD8F9AD3316}"
EndProject
Project("{FAE04EC0-301F-11D3-BF4B-00C04F79EFBC}") = "EmailService", "EmailService\EmailService.csproj", "{4899B4EE-316A-4ACB-90BB-9674A1A39A11}"
EndProject
Project("{FAE04EC0-301F-11D3-BF4B-00C04F79EFBC}") = "SmartLeave.MVC", "SmartLeave.MVC\SmartLeave.MVC.csproj", "{437BE222-5CE8-47E0-ADA7-1495C2262C24}"
EndProject
Global
	GlobalSection(SolutionConfigurationPlatforms) = preSolution
		Debug|Any CPU = Debug|Any CPU
		Release|Any CPU = Release|Any CPU
	EndGlobalSection
	GlobalSection(ProjectConfigurationPlatforms) = postSolution
		{141394E5-5E2E-4E3A-A69C-199EFD645C83}.Debug|Any CPU.ActiveCfg = Debug|Any CPU
		{141394E5-5E2E-4E3A-A69C-199EFD645C83}.Debug|Any CPU.Build.0 = Debug|Any CPU
		{141394E5-5E2E-4E3A-A69C-199EFD645C83}.Release|Any CPU.ActiveCfg = Release|Any CPU
		{141394E5-5E2E-4E3A-A69C-199EFD645C83}.Release|Any CPU.Build.0 = Release|Any CPU
		{54EE0559-CD0B-4999-85E7-0A984E0ADBCE}.Debug|Any CPU.ActiveCfg = Debug|Any CPU
		{54EE0559-CD0B-4999-85E7-0A984E0ADBCE}.Debug|Any CPU.Build.0 = Debug|Any CPU
		{54EE0559-CD0B-4999-85E7-0A984E0ADBCE}.Release|Any CPU.ActiveCfg = Release|Any CPU
		{54EE0559-CD0B-4999-85E7-0A984E0ADBCE}.Release|Any CPU.Build.0 = Release|Any CPU
		{A6DB64EE-36EC-4A90-943E-675C743B53EB}.Debug|Any CPU.ActiveCfg = Debug|Any CPU
		{A6DB64EE-36EC-4A90-943E-675C743B53EB}.Debug|Any CPU.Build.0 = Debug|Any CPU
		{A6DB64EE-36EC-4A90-943E-675C743B53EB}.Release|Any CPU.ActiveCfg = Release|Any CPU
		{A6DB64EE-36EC-4A90-943E-675C743B53EB}.Release|Any CPU.Build.0 = Release|Any CPU
		{A55389C5-12CB-4E2C-B7AA-2BD8F9AD3316}.Debug|Any CPU.ActiveCfg = Debug|Any CPU
		{A55389C5-12CB-4E2C-B7AA-2BD8F9AD3316}.Debug|Any CPU.Build.0 = Debug|Any CPU
		{A55389C5-12CB-4E2C-B7AA-2BD8F9AD3316}.Release|Any CPU.ActiveCfg = Release|Any CPU
		{A55389C5-12CB-4E2C-B7AA-2BD8F9AD3316}.Release|Any CPU.Build.0 = Release|Any CPU
		{4899B4EE-316A-4ACB-90BB-9674A1A39A11}.Debug|Any CPU.ActiveCfg = Debug|Any CPU
		{4899B4EE-316A-4ACB-90BB-9674A1A39A11}.Debug|Any CPU.Build.0 = Debug|Any CPU
		{4899B4EE-316A-4ACB-90BB-9674A1A39A11}.Release|Any CPU.ActiveCfg = Release|Any CPU
		{4899B4EE-316A-4ACB-90BB-9674A1A39A11}.Release|Any CPU.Build.0 = Release|Any CPU
		{437BE222-5CE8-47E0-ADA7-1495C2262C24}.Debug|Any CPU.ActiveCfg = Debug|Any CPU
		{437BE222-5CE8-47E0-ADA7-1495C2262C24}.Debug|Any CPU.Build.0 = Debug|Any CPU
		{437BE222-5CE8-47E0-ADA7-1495C2262C24}.Release|Any CPU.ActiveCfg = Release|Any CPU
		{437BE222-5CE8-47E0-ADA7-1495C2262C24}.Release|Any CPU.Build.0 = Release|Any CPU
	EndGlobalSection
	GlobalSection(SolutionProperties) = preSolution
		HideSolutionNode = FALSE
	EndGlobalSection
	GlobalSection(ExtensibilityGlobals) = postSolution
		SolutionGuid = {E65AD4CF-E98F-469A-AA34-C5F54B31E10D}
	EndGlobalSection
EndGlobal
